<?xml version="1.0" encoding="utf-8"?>
<Project ToolsVersion="4.0" xmlns="http://schemas.microsoft.com/developer/msbuild/2003">
  <ItemGroup>
    <ClCompile Include="$(MSBuildThisFileDirectory)Acceptor.cpp" />
    <ClCompile Include="$(MSBuildThisFileDirectory)Address.cpp" />
    <ClCompile Include="$(MSBuildThisFileDirectory)AddressUtilityFunctions.cpp" />
    <ClCompile Include="$(MSBuildThisFileDirectory)Aria\Aria.cpp" />
    <ClCompile Include="$(MSBuildThisFileDirectory)Connection.cpp" />
    <ClCompile Include="$(MSBuildThisFileDirectory)Connection2.cpp" />
    <ClCompile Include="$(MSBuildThisFileDirectory)ConnectionManager2.cpp" />
    <ClCompile Include="$(MSBuildThisFileDirectory)ConnectionPackets.cpp" />
    <ClCompile Include="$(MSBuildThisFileDirectory)Endpoint.cpp" />
    <ClCompile Include="$(MSBuildThisFileDirectory)GameFileClient.cpp" />
    <ClCompile Include="$(MSBuildThisFileDirectory)GameFileServer.cpp" />
    <ClCompile Include="$(MSBuildThisFileDirectory)HeaderICMP.cpp" />
    <ClCompile Include="$(MSBuildThisFileDirectory)IOService.cpp" />
    <ClCompile Include="$(MSBuildThisFileDirectory)SocketUDP2.cpp" />
    <ClCompile Include="$(MSBuildThisFileDirectory)MultiConnectionAcceptorTCP.cpp" />
    <ClCompile Include="$(MSBuildThisFileDirectory)NetLib.cpp" />
    <ClCompile Include="$(MSBuildThisFileDirectory)Port.cpp" />
    <ClCompile Include="$(MSBuildThisFileDirectory)ISocket.cpp" />
    <ClCompile Include="$(MSBuildThisFileDirectory)ConnectionManager.cpp" />
    <ClCompile Include="$(MSBuildThisFileDirectory)SocketProfiler.cpp" />
    <ClCompile Include="$(MSBuildThisFileDirectory)SocketTCP.cpp" />
    <ClCompile Include="$(MSBuildThisFileDirectory)SocketUDP.cpp" />
    <ClCompile Include="$(MSBuildThisFileDirectory)stdafx.cpp" />
    <ClCompile Include="$(MSBuildThisFileDirectory)Signaling\SignalingServer.cpp">
      <Filter>Signaling</Filter>
    </ClCompile>
    <ClCompile Include="$(MSBuildThisFileDirectory)Signaling\SignalingPackets.cpp">
      <Filter>Signaling</Filter>
    </ClCompile>
    <ClCompile Include="$(MSBuildThisFileDirectory)NetIdentity.cpp" />
    <ClCompile Include="$(MSBuildThisFileDirectory)Signaling\SignalingImpl.cpp">
      <Filter>Signaling</Filter>
    </ClCompile>
    <ClCompile Include="$(MSBuildThisFileDirectory)EndpointUtilityFunctions.cpp" />
  </ItemGroup>
  <ItemGroup>
    <ClInclude Include="$(MSBuildThisFileDirectory)Acceptor.h" />
    <ClInclude Include="$(MSBuildThisFileDirectory)Address.h" />
    <ClInclude Include="$(MSBuildThisFileDirectory)AddressUtilityFunctions.h" />
    <ClInclude Include="$(MSBuildThisFileDirectory)Aria\Aria.h" />
    <ClInclude Include="$(MSBuildThisFileDirectory)Connection.h" />
    <ClInclude Include="$(MSBuildThisFileDirectory)Connection2.h" />
    <ClInclude Include="$(MSBuildThisFileDirectory)ConnectionManager2.h" />
    <ClInclude Include="$(MSBuildThisFileDirectory)ConnectionPackets.h" />
    <ClInclude Include="$(MSBuildThisFileDirectory)Endpoint.h" />
    <ClInclude Include="$(MSBuildThisFileDirectory)GameFileClient.h" />
    <ClInclude Include="$(MSBuildThisFileDirectory)GameFileServer.h" />
    <ClInclude Include="$(MSBuildThisFileDirectory)HeaderICMP.h" />
    <ClInclude Include="$(MSBuildThisFileDirectory)IOService.h" />
    <ClInclude Include="$(MSBuildThisFileDirectory)PacketManager.h" />
    <ClInclude Include="$(MSBuildThisFileDirectory)SocketUDP2.h" />
    <ClInclude Include="$(MSBuildThisFileDirectory)MultiConnectionAcceptorTCP.h" />
    <ClInclude Include="$(MSBuildThisFileDirectory)NetLib.h" />
    <ClInclude Include="$(MSBuildThisFileDirectory)PacketMessage.h" />
    <ClInclude Include="$(MSBuildThisFileDirectory)Port.h" />
    <ClInclude Include="$(MSBuildThisFileDirectory)PrecompiledInclude.h" />
    <ClInclude Include="$(MSBuildThisFileDirectory)ISocket.h" />
    <ClInclude Include="$(MSBuildThisFileDirectory)ConnectionManager.h" />
    <ClInclude Include="$(MSBuildThisFileDirectory)SocketProfiler.h" />
    <ClInclude Include="$(MSBuildThisFileDirectory)SocketTCP.h" />
    <ClInclude Include="$(MSBuildThisFileDirectory)SocketUDP.h" />
    <ClInclude Include="$(MSBuildThisFileDirectory)stdafx.h" />
    <ClInclude Include="$(MSBuildThisFileDirectory)Signaling\SignalingServer.h">
      <Filter>Signaling</Filter>
    </ClInclude>
    <ClInclude Include="$(MSBuildThisFileDirectory)Signaling\SignalingPackets.h">
      <Filter>Signaling</Filter>
    </ClInclude>
    <ClInclude Include="$(MSBuildThisFileDirectory)NetIdentity.h" />
    <ClInclude Include="$(MSBuildThisFileDirectory)Signaling\SignalingImpl.h">
      <Filter>Signaling</Filter>
    </ClInclude>
    <ClInclude Include="$(MSBuildThisFileDirectory)EndpointUtilityFunctions.h" />
    <ClInclude Include="$(MSBuildThisFileDirectory)IOServiceUtilityFunctions.h" />
    <ClInclude Include="$(MSBuildThisFileDirectory)ConnectionId.h" />
    <ClInclude Include="$(MSBuildThisFileDirectory)Internal\InternalTypes.h">
      <Filter>Internal</Filter>
    </ClInclude>
    <ClInclude Include="$(MSBuildThisFileDirectory)ConnectionSimulationSettings.h" />
    <ClInclude Include="$(MSBuildThisFileDirectory)Packetman.h" />
  </ItemGroup>
  <ItemGroup>
    <Filter Include="Signaling">
      <UniqueIdentifier>{efdd8041-b723-41c0-8282-e71899c4a09b}</UniqueIdentifier>
    </Filter>
    <Filter Include="Internal">
      <UniqueIdentifier>{835b0d31-770b-4bda-b587-4d3dd186c188}</UniqueIdentifier>
    </Filter>
  </ItemGroup>
</Project>