<?xml version="1.0" encoding="utf-8"?>
<Project ToolsVersion="4.0" xmlns="http://schemas.microsoft.com/developer/msbuild/2003">
  <ItemGroup>
    <ClCompile Include="GLSLProgram.cpp">
      <Filter>Rendering</Filter>
    </ClCompile>
    <ClCompile Include="Exceptions.cpp">
      <Filter>Core</Filter>
    </ClCompile>
    <ClCompile Include="SpehsEngine.cpp">
      <Filter>Core</Filter>
    </ClCompile>
    <ClCompile Include="Time.cpp">
      <Filter>Core</Filter>
    </ClCompile>
    <ClCompile Include="LengthConversion.cpp">
      <Filter>Core</Filter>
    </ClCompile>
    <ClCompile Include="InputManager.cpp">
      <Filter>HID</Filter>
    </ClCompile>
    <ClCompile Include="Window.cpp">
      <Filter>Rendering</Filter>
    </ClCompile>
    <ClCompile Include="Camera2D.cpp">
      <Filter>Rendering</Filter>
    </ClCompile>
    <ClCompile Include="Geometry.cpp">
      <Filter>Core</Filter>
    </ClCompile>
    <ClCompile Include="ApplicationData.cpp">
      <Filter>Core</Filter>
    </ClCompile>
    <ClCompile Include="RNG.cpp">
      <Filter>Core</Filter>
    </ClCompile>
    <ClCompile Include="GUIRectangle.cpp">
      <Filter>Rendering\GUI</Filter>
    </ClCompile>
    <ClCompile Include="GUIWindow.cpp">
      <Filter>Rendering\GUI</Filter>
    </ClCompile>
    <ClCompile Include="Console.cpp">
      <Filter>Core</Filter>
    </ClCompile>
    <ClCompile Include="Arrow.cpp">
      <Filter>Rendering\Geometric Rendering</Filter>
    </ClCompile>
    <ClCompile Include="SATCollision.cpp">
      <Filter>Physics</Filter>
    </ClCompile>
    <ClCompile Include="GUIWindowManager.cpp">
      <Filter>Rendering\GUI</Filter>
    </ClCompile>
    <ClCompile Include="GUID.cpp">
      <Filter>HID</Filter>
    </ClCompile>
    <ClCompile Include="FileStream.cpp">
      <Filter>Filestream</Filter>
    </ClCompile>
    <ClCompile Include="StringOperations.cpp">
      <Filter>Core</Filter>
    </ClCompile>
    <ClCompile Include="OpenGLError.cpp">
      <Filter>Core</Filter>
    </ClCompile>
    <ClCompile Include="Primitive.cpp">
      <Filter>Rendering\Geometric Rendering\Batch Rendering</Filter>
    </ClCompile>
    <ClCompile Include="Polygon.cpp">
      <Filter>Rendering\Geometric Rendering\Batch Rendering</Filter>
    </ClCompile>
    <ClCompile Include="Batch.cpp">
      <Filter>Rendering\Geometric Rendering\Batch Rendering</Filter>
    </ClCompile>
    <ClCompile Include="Line.cpp">
      <Filter>Rendering\Geometric Rendering\Batch Rendering</Filter>
    </ClCompile>
    <ClCompile Include="Point.cpp">
      <Filter>Rendering\Geometric Rendering\Batch Rendering</Filter>
    </ClCompile>
    <ClCompile Include="TextureManager.cpp">
      <Filter>Resource Management</Filter>
    </ClCompile>
    <ClCompile Include="ShaderManager.cpp">
      <Filter>Resource Management</Filter>
    </ClCompile>
    <ClCompile Include="Vertex.cpp">
      <Filter>Rendering</Filter>
    </ClCompile>
    <ClCompile Include="BatchManager.cpp">
      <Filter>Rendering\Geometric Rendering\Batch Rendering</Filter>
    </ClCompile>
    <ClCompile Include="Shapes.cpp">
      <Filter>Rendering\Geometric Rendering</Filter>
    </ClCompile>
    <ClCompile Include="GameObject.cpp">
      <Filter>Object System</Filter>
    </ClCompile>
    <ClCompile Include="Component.cpp">
      <Filter>Object System</Filter>
    </ClCompile>
    <ClCompile Include="Sprite.cpp">
      <Filter>Object System</Filter>
    </ClCompile>
    <ClCompile Include="Transform2D.cpp">
      <Filter>Object System</Filter>
    </ClCompile>
    <ClCompile Include="RigidBody2D.cpp">
      <Filter>Object System</Filter>
    </ClCompile>
    <ClCompile Include="PhysicsWorld2D.cpp">
      <Filter>Physics</Filter>
    </ClCompile>
    <ClCompile Include="PostProcessing.cpp">
      <Filter>Rendering</Filter>
    </ClCompile>
    <ClCompile Include="Compression.cpp">
      <Filter>Filestream</Filter>
    </ClCompile>
    <ClCompile Include="Position64.cpp">
      <Filter>Core</Filter>
    </ClCompile>
    <ClCompile Include="Text.cpp">
      <Filter>Rendering\Geometric Rendering\Batch Rendering</Filter>
    </ClCompile>
    <ClCompile Include="GUIPopup.cpp">
      <Filter>Rendering\GUI</Filter>
    </ClCompile>
    <ClCompile Include="Textbox.cpp">
      <Filter>Rendering\GUI</Filter>
    </ClCompile>
    <ClCompile Include="GUICheckbox.cpp">
      <Filter>Rendering\GUI\Editors</Filter>
    </ClCompile>
    <ClCompile Include="GUIColorEditor.cpp">
      <Filter>Rendering\GUI\Editors</Filter>
    </ClCompile>
    <ClCompile Include="GUIStringEditor.cpp">
      <Filter>Rendering\GUI\Editors</Filter>
    </ClCompile>
    <ClCompile Include="AudioManager.cpp">
      <Filter>Resource Management</Filter>
    </ClCompile>
    <ClCompile Include="OpenALError.cpp">
      <Filter>Core</Filter>
    </ClCompile>
    <ClCompile Include="AudioEngine.cpp">
      <Filter>Audio</Filter>
    </ClCompile>
    <ClCompile Include="Textbox.cpp" />
    <ClCompile Include="SoundSource.cpp">
      <Filter>Audio</Filter>
    </ClCompile>
    <ClCompile Include="Serializable.cpp">
      <Filter>Filestream</Filter>
    </ClCompile>
    <ClCompile Include="SerializableDirectory.cpp">
      <Filter>Filestream</Filter>
    </ClCompile>
    <ClCompile Include="GUIRectangleContainer.cpp">
      <Filter>Rendering\GUI\Commonly used container</Filter>
    </ClCompile>
    <ClCompile Include="GUIRectangleRow.cpp">
      <Filter>Rendering\GUI\Commonly used container</Filter>
    </ClCompile>
    <ClCompile Include="GUIRectangleTable.cpp">
      <Filter>Rendering\GUI\Commonly used container</Filter>
    </ClCompile>
    <ClCompile Include="GUIRectangleTree.cpp">
      <Filter>Rendering\GUI\Commonly used container</Filter>
    </ClCompile>
    <ClCompile Include="OS.cpp">
      <Filter>Core</Filter>
    </ClCompile>
    <ClCompile Include="KeyboardRecorder.cpp">
      <Filter>HID</Filter>
    </ClCompile>
    <ClCompile Include="GUIRectangleScrollList.cpp">
      <Filter>Rendering\GUI\Commonly used container</Filter>
    </ClCompile>
    <ClCompile Include="GUIRectangleColumn.cpp">
      <Filter>Rendering\GUI\Commonly used container</Filter>
    </ClCompile>
    <ClCompile Include="AnimatedSprite.cpp">
      <Filter>Object System</Filter>
    </ClCompile>
    <ClCompile Include="Collider.cpp">
      <Filter>Object System</Filter>
    </ClCompile>
    <ClCompile Include="Thread.cpp">
      <Filter>Core</Filter>
    </ClCompile>
    <ClCompile Include="Triangulation.cpp">
      <Filter>Algorithm</Filter>
    </ClCompile>
    <ClCompile Include="SerializableString.cpp">
      <Filter>Filestream</Filter>
    </ClCompile>
  </ItemGroup>
  <ItemGroup>
    <ClInclude Include="GLSLProgram.h">
      <Filter>Rendering</Filter>
    </ClInclude>
    <ClInclude Include="SATCollision.h">
      <Filter>Physics</Filter>
    </ClInclude>
    <ClInclude Include="Exceptions.h">
      <Filter>Core</Filter>
    </ClInclude>
    <ClInclude Include="SpehsEngine.h">
      <Filter>Core</Filter>
    </ClInclude>
    <ClInclude Include="Time.h">
      <Filter>Core</Filter>
    </ClInclude>
    <ClInclude Include="LengthConversion.h">
      <Filter>Core</Filter>
    </ClInclude>
    <ClInclude Include="InputManager.h">
      <Filter>HID</Filter>
    </ClInclude>
    <ClInclude Include="Window.h">
      <Filter>Rendering</Filter>
    </ClInclude>
    <ClInclude Include="Camera2D.h">
      <Filter>Rendering</Filter>
    </ClInclude>
    <ClInclude Include="GUID.h">
      <Filter>HID</Filter>
    </ClInclude>
    <ClInclude Include="Geometry.h">
      <Filter>Core</Filter>
    </ClInclude>
    <ClInclude Include="BitwiseOperations.h">
      <Filter>Core</Filter>
    </ClInclude>
    <ClInclude Include="ApplicationData.h">
      <Filter>Core</Filter>
    </ClInclude>
    <ClInclude Include="RNG.h">
      <Filter>Core</Filter>
    </ClInclude>
    <ClInclude Include="GUIRectangle.h">
      <Filter>Rendering\GUI</Filter>
    </ClInclude>
    <ClInclude Include="GUIWindow.h">
      <Filter>Rendering\GUI</Filter>
    </ClInclude>
    <ClInclude Include="Console.h">
      <Filter>Core</Filter>
    </ClInclude>
    <ClInclude Include="Shapes.h">
      <Filter>Rendering\Geometric Rendering</Filter>
    </ClInclude>
    <ClInclude Include="Arrow.h">
      <Filter>Rendering\Geometric Rendering</Filter>
    </ClInclude>
    <ClInclude Include="GUIWindowManager.h">
      <Filter>Rendering\GUI</Filter>
    </ClInclude>
    <ClInclude Include="ConsoleVariable.h">
      <Filter>Core</Filter>
    </ClInclude>
    <ClInclude Include="FileStream.h">
      <Filter>Filestream</Filter>
    </ClInclude>
    <ClInclude Include="StringOperations.h">
      <Filter>Core</Filter>
    </ClInclude>
    <ClInclude Include="OpenGLError.h">
      <Filter>Core</Filter>
    </ClInclude>
    <ClInclude Include="Primitive.h">
      <Filter>Rendering\Geometric Rendering\Batch Rendering</Filter>
    </ClInclude>
    <ClInclude Include="Polygon.h">
      <Filter>Rendering\Geometric Rendering\Batch Rendering</Filter>
    </ClInclude>
    <ClInclude Include="Batch.h">
      <Filter>Rendering\Geometric Rendering\Batch Rendering</Filter>
    </ClInclude>
    <ClInclude Include="Line.h">
      <Filter>Rendering\Geometric Rendering\Batch Rendering</Filter>
    </ClInclude>
    <ClInclude Include="Point.h">
      <Filter>Rendering\Geometric Rendering\Batch Rendering</Filter>
    </ClInclude>
    <ClInclude Include="TextureManager.h">
      <Filter>Resource Management</Filter>
    </ClInclude>
    <ClInclude Include="ShaderManager.h">
      <Filter>Resource Management</Filter>
    </ClInclude>
    <ClInclude Include="Vertex.h">
      <Filter>Rendering</Filter>
    </ClInclude>
    <ClInclude Include="BatchManager.h">
      <Filter>Rendering\Geometric Rendering\Batch Rendering</Filter>
    </ClInclude>
    <ClInclude Include="GameObject.h">
      <Filter>Object System</Filter>
    </ClInclude>
    <ClInclude Include="Component.h">
      <Filter>Object System</Filter>
    </ClInclude>
    <ClInclude Include="Sprite.h">
      <Filter>Object System</Filter>
    </ClInclude>
    <ClInclude Include="Transform2D.h">
      <Filter>Object System</Filter>
    </ClInclude>
    <ClInclude Include="RigidBody2D.h">
      <Filter>Object System</Filter>
    </ClInclude>
    <ClInclude Include="PhysicsWorld2D.h">
      <Filter>Physics</Filter>
    </ClInclude>
    <ClInclude Include="Depth.h">
      <Filter>Rendering</Filter>
    </ClInclude>
    <ClInclude Include="PostProcessing.h">
      <Filter>Rendering</Filter>
    </ClInclude>
    <ClInclude Include="Compression.h">
      <Filter>Filestream</Filter>
    </ClInclude>
    <ClInclude Include="Position64.h">
      <Filter>Core</Filter>
    </ClInclude>
    <ClInclude Include="Text.h">
      <Filter>Rendering\Geometric Rendering\Batch Rendering</Filter>
    </ClInclude>
    <ClInclude Include="GUIPopup.h">
      <Filter>Rendering\GUI</Filter>
    </ClInclude>
    <ClInclude Include="Textbox.h">
      <Filter>Rendering\GUI</Filter>
    </ClInclude>
    <ClInclude Include="Mathematics.h">
      <Filter>Core</Filter>
    </ClInclude>
    <ClInclude Include="GUICheckbox.h">
      <Filter>Rendering\GUI\Editors</Filter>
    </ClInclude>
    <ClInclude Include="GUIColorEditor.h">
      <Filter>Rendering\GUI\Editors</Filter>
    </ClInclude>
    <ClInclude Include="GUIScalarEditor.h">
      <Filter>Rendering\GUI\Editors</Filter>
    </ClInclude>
    <ClInclude Include="GUIStringEditor.h">
      <Filter>Rendering\GUI\Editors</Filter>
    </ClInclude>
    <ClInclude Include="Textbox.h" />
    <ClInclude Include="AudioManager.h">
      <Filter>Resource Management</Filter>
    </ClInclude>
    <ClInclude Include="OpenALError.h">
      <Filter>Core</Filter>
    </ClInclude>
    <ClInclude Include="AudioEngine.h">
      <Filter>Audio</Filter>
    </ClInclude>
    <ClInclude Include="SoundSource.h">
      <Filter>Audio</Filter>
    </ClInclude>
    <ClInclude Include="Serializable.h">
      <Filter>Filestream</Filter>
    </ClInclude>
    <ClInclude Include="SerializableDirectory.h">
      <Filter>Filestream</Filter>
    </ClInclude>
    <ClInclude Include="SerializableVector.h">
      <Filter>Filestream</Filter>
    </ClInclude>
    <ClInclude Include="GUIRectangleContainer.h">
      <Filter>Rendering\GUI\Commonly used container</Filter>
    </ClInclude>
    <ClInclude Include="GUIRectangleRow.h">
      <Filter>Rendering\GUI\Commonly used container</Filter>
    </ClInclude>
    <ClInclude Include="GUIRectangleTable.h">
      <Filter>Rendering\GUI\Commonly used container</Filter>
    </ClInclude>
    <ClInclude Include="GUIRectangleTree.h">
      <Filter>Rendering\GUI\Commonly used container</Filter>
    </ClInclude>
    <ClInclude Include="OS.h">
      <Filter>Core</Filter>
    </ClInclude>
    <ClInclude Include="KeyboardRecorder.h">
      <Filter>HID</Filter>
    </ClInclude>
    <ClInclude Include="ValueEditor.h">
      <Filter>Rendering\GUI\Editors</Filter>
    </ClInclude>
    <ClInclude Include="GUIRectangleScrollList.h">
      <Filter>Rendering\GUI\Commonly used container</Filter>
    </ClInclude>
    <ClInclude Include="GUIRectangleColumn.h">
      <Filter>Rendering\GUI\Commonly used container</Filter>
    </ClInclude>
    <ClInclude Include="GUIRectangleUnisizeContainer.h">
      <Filter>Rendering\GUI\Commonly used container</Filter>
    </ClInclude>
    <ClInclude Include="AnimatedSprite.h">
      <Filter>Object System</Filter>
    </ClInclude>
    <ClInclude Include="Collider.h">
      <Filter>Object System</Filter>
    </ClInclude>
    <ClInclude Include="Thread.h">
      <Filter>Core</Filter>
    </ClInclude>
    <ClInclude Include="Colors.h">
      <Filter>Core</Filter>
    </ClInclude>
    <ClInclude Include="Triangulation.h">
      <Filter>Algorithm</Filter>
    </ClInclude>
    <ClInclude Include="SerializableString.h">
      <Filter>Filestream</Filter>
    </ClInclude>
  </ItemGroup>
  <ItemGroup>
    <Filter Include="Physics">
      <UniqueIdentifier>{c62a4106-1b15-4782-ab29-3b9eb2c38f6a}</UniqueIdentifier>
    </Filter>
    <Filter Include="Rendering">
      <UniqueIdentifier>{c90f89f6-f9aa-4f67-8d51-cc0cc479bf5e}</UniqueIdentifier>
    </Filter>
    <Filter Include="Core">
      <UniqueIdentifier>{63c24639-7b9e-484e-813f-0c891bec1b90}</UniqueIdentifier>
    </Filter>
    <Filter Include="HID">
      <UniqueIdentifier>{21188960-9180-464e-959c-54aba4a6f620}</UniqueIdentifier>
    </Filter>
    <Filter Include="Audio">
      <UniqueIdentifier>{9438310d-dd42-4fe3-8bcd-3b03db57dbc0}</UniqueIdentifier>
    </Filter>
    <Filter Include="Resources">
      <UniqueIdentifier>{41c5ea82-1934-4aef-9843-dbfd3a7c4b0d}</UniqueIdentifier>
    </Filter>
    <Filter Include="Rendering\GUI">
      <UniqueIdentifier>{8ef701aa-199f-40b2-b2f4-7198c54182c8}</UniqueIdentifier>
    </Filter>
    <Filter Include="Rendering\Geometric Rendering">
      <UniqueIdentifier>{2c1665b1-8c4e-481d-9c89-1148e8b99b6e}</UniqueIdentifier>
    </Filter>
    <Filter Include="Filestream">
      <UniqueIdentifier>{320c57f6-2870-4274-b553-17a481b83caf}</UniqueIdentifier>
    </Filter>
    <Filter Include="Rendering\Geometric Rendering\Batch Rendering">
      <UniqueIdentifier>{2e92b7df-f3ae-40ca-b192-04d05e73c445}</UniqueIdentifier>
    </Filter>
    <Filter Include="Resource Management">
      <UniqueIdentifier>{5d317e38-b18e-4637-b325-67f73190943b}</UniqueIdentifier>
    </Filter>
    <Filter Include="Rendering\GUI\Editors">
      <UniqueIdentifier>{4a18de41-53a8-4609-a74f-6625aa3af945}</UniqueIdentifier>
    </Filter>
    <Filter Include="Rendering\GUI\Commonly used container">
      <UniqueIdentifier>{c3f6a7dd-77b8-4dc5-8967-7cd7ddbad90f}</UniqueIdentifier>
    </Filter>
    <Filter Include="Object System">
      <UniqueIdentifier>{d2fdada1-b4b1-403b-9166-08f0a4118180}</UniqueIdentifier>
    </Filter>
    <Filter Include="Algorithm">
      <UniqueIdentifier>{bcc75cab-4787-44fc-9a61-382a4e431095}</UniqueIdentifier>
    </Filter>
  </ItemGroup>
</Project>