
Microsoft Visual Studio Solution File, Format Version 12.00
# Visual Studio Version 16
VisualStudioVersion = 16.0.29509.3
MinimumVisualStudioVersion = 10.0.40219.1
Project("{8BC9CEB8-8B4A-11D0-8D11-00A0C91BC942}") = "Audio", "Audio\Audio.vcxproj", "{F721E433-F0D2-4F4C-BEA0-1AA2B2824CBD}"
	ProjectSection(ProjectDependencies) = postProject
		{CBB134B8-C9FE-4129-A6DD-58B94CBE1096} = {CBB134B8-C9FE-4129-A6DD-58B94CBE1096}
	EndProjectSection
EndProject
Project("{8BC9CEB8-8B4A-11D0-8D11-00A0C91BC942}") = "Core", "Core\Core.vcxproj", "{CBB134B8-C9FE-4129-A6DD-58B94CBE1096}"
EndProject
Project("{8BC9CEB8-8B4A-11D0-8D11-00A0C91BC942}") = "CoreShare", "Core\CoreShare.vcxitems", "{45D41ACC-2C3C-43D2-BC10-02AA73FFC7C7}"
EndProject
Project("{8BC9CEB8-8B4A-11D0-8D11-00A0C91BC942}") = "Game", "Game\Game.vcxproj", "{1C54A116-BAEE-43B1-85A0-52A1D524044A}"
	ProjectSection(ProjectDependencies) = postProject
		{9594522F-6B2A-4DCC-B1D4-70A90550C490} = {9594522F-6B2A-4DCC-B1D4-70A90550C490}
		{F721E433-F0D2-4F4C-BEA0-1AA2B2824CBD} = {F721E433-F0D2-4F4C-BEA0-1AA2B2824CBD}
		{14BC9A36-0173-4D60-B341-B92B6E3CA892} = {14BC9A36-0173-4D60-B341-B92B6E3CA892}
		{CDAEF09B-DC58-42C8-81B8-83C3E5D8145E} = {CDAEF09B-DC58-42C8-81B8-83C3E5D8145E}
		{ED3A1BB2-BBE1-4BAF-8606-DBE012375818} = {ED3A1BB2-BBE1-4BAF-8606-DBE012375818}
		{CBB134B8-C9FE-4129-A6DD-58B94CBE1096} = {CBB134B8-C9FE-4129-A6DD-58B94CBE1096}
		{CE4F0DDF-B21D-4E85-961E-5DE4F41FFEB8} = {CE4F0DDF-B21D-4E85-961E-5DE4F41FFEB8}
	EndProjectSection
EndProject
Project("{8BC9CEB8-8B4A-11D0-8D11-00A0C91BC942}") = "GPIO", "GPIO\GPIO.vcxproj", "{28510A11-2597-4E7F-8AB7-04D8D6617F73}"
	ProjectSection(ProjectDependencies) = postProject
		{CBB134B8-C9FE-4129-A6DD-58B94CBE1096} = {CBB134B8-C9FE-4129-A6DD-58B94CBE1096}
	EndProjectSection
EndProject
Project("{8BC9CEB8-8B4A-11D0-8D11-00A0C91BC942}") = "GPIO_Share", "GPIO\GPIO_Share.vcxitems", "{F3630E63-73EC-4338-A0A1-41346357311C}"
EndProject
Project("{8BC9CEB8-8B4A-11D0-8D11-00A0C91BC942}") = "GUI", "GUI\GUI.vcxproj", "{5F7EC1B1-79D0-410B-AAA5-67AE29DD3843}"
	ProjectSection(ProjectDependencies) = postProject
		{F721E433-F0D2-4F4C-BEA0-1AA2B2824CBD} = {F721E433-F0D2-4F4C-BEA0-1AA2B2824CBD}
		{14BC9A36-0173-4D60-B341-B92B6E3CA892} = {14BC9A36-0173-4D60-B341-B92B6E3CA892}
		{CBB134B8-C9FE-4129-A6DD-58B94CBE1096} = {CBB134B8-C9FE-4129-A6DD-58B94CBE1096}
		{CE4F0DDF-B21D-4E85-961E-5DE4F41FFEB8} = {CE4F0DDF-B21D-4E85-961E-5DE4F41FFEB8}
	EndProjectSection
EndProject
Project("{8BC9CEB8-8B4A-11D0-8D11-00A0C91BC942}") = "GUI2", "GUI2\GUI2.vcxproj", "{F45D27EA-F162-4D11-90DE-E58E3C5BC549}"
	ProjectSection(ProjectDependencies) = postProject
		{F721E433-F0D2-4F4C-BEA0-1AA2B2824CBD} = {F721E433-F0D2-4F4C-BEA0-1AA2B2824CBD}
		{14BC9A36-0173-4D60-B341-B92B6E3CA892} = {14BC9A36-0173-4D60-B341-B92B6E3CA892}
		{CBB134B8-C9FE-4129-A6DD-58B94CBE1096} = {CBB134B8-C9FE-4129-A6DD-58B94CBE1096}
		{CE4F0DDF-B21D-4E85-961E-5DE4F41FFEB8} = {CE4F0DDF-B21D-4E85-961E-5DE4F41FFEB8}
	EndProjectSection
EndProject
Project("{8BC9CEB8-8B4A-11D0-8D11-00A0C91BC942}") = "GUI3", "GUI3\GUI3.vcxproj", "{7EABEF69-D78B-4F3D-A1D5-F6B618398C1C}"
	ProjectSection(ProjectDependencies) = postProject
		{F721E433-F0D2-4F4C-BEA0-1AA2B2824CBD} = {F721E433-F0D2-4F4C-BEA0-1AA2B2824CBD}
		{14BC9A36-0173-4D60-B341-B92B6E3CA892} = {14BC9A36-0173-4D60-B341-B92B6E3CA892}
		{CBB134B8-C9FE-4129-A6DD-58B94CBE1096} = {CBB134B8-C9FE-4129-A6DD-58B94CBE1096}
		{CE4F0DDF-B21D-4E85-961E-5DE4F41FFEB8} = {CE4F0DDF-B21D-4E85-961E-5DE4F41FFEB8}
	EndProjectSection
EndProject
Project("{8BC9CEB8-8B4A-11D0-8D11-00A0C91BC942}") = "Input", "Input\Input.vcxproj", "{CE4F0DDF-B21D-4E85-961E-5DE4F41FFEB8}"
	ProjectSection(ProjectDependencies) = postProject
		{14BC9A36-0173-4D60-B341-B92B6E3CA892} = {14BC9A36-0173-4D60-B341-B92B6E3CA892}
		{CBB134B8-C9FE-4129-A6DD-58B94CBE1096} = {CBB134B8-C9FE-4129-A6DD-58B94CBE1096}
	EndProjectSection
EndProject
Project("{8BC9CEB8-8B4A-11D0-8D11-00A0C91BC942}") = "Math", "Math\Math.vcxproj", "{9594522F-6B2A-4DCC-B1D4-70A90550C490}"
	ProjectSection(ProjectDependencies) = postProject
		{CBB134B8-C9FE-4129-A6DD-58B94CBE1096} = {CBB134B8-C9FE-4129-A6DD-58B94CBE1096}
	EndProjectSection
EndProject
Project("{8BC9CEB8-8B4A-11D0-8D11-00A0C91BC942}") = "Net", "Net\Net.vcxproj", "{CDAEF09B-DC58-42C8-81B8-83C3E5D8145E}"
	ProjectSection(ProjectDependencies) = postProject
		{CBB134B8-C9FE-4129-A6DD-58B94CBE1096} = {CBB134B8-C9FE-4129-A6DD-58B94CBE1096}
	EndProjectSection
EndProject
Project("{8BC9CEB8-8B4A-11D0-8D11-00A0C91BC942}") = "Net_Share", "Net\Net_Share.vcxitems", "{1E65A9FA-C973-42FE-AA97-CD08C94E9BB4}"
EndProject
Project("{8BC9CEB8-8B4A-11D0-8D11-00A0C91BC942}") = "Physics", "Physics\Physics.vcxproj", "{ED3A1BB2-BBE1-4BAF-8606-DBE012375818}"
EndProject
Project("{8BC9CEB8-8B4A-11D0-8D11-00A0C91BC942}") = "Rendering", "Rendering\Rendering.vcxproj", "{14BC9A36-0173-4D60-B341-B92B6E3CA892}"
	ProjectSection(ProjectDependencies) = postProject
		{9594522F-6B2A-4DCC-B1D4-70A90550C490} = {9594522F-6B2A-4DCC-B1D4-70A90550C490}
		{CBB134B8-C9FE-4129-A6DD-58B94CBE1096} = {CBB134B8-C9FE-4129-A6DD-58B94CBE1096}
	EndProjectSection
EndProject
Project("{8BC9CEB8-8B4A-11D0-8D11-00A0C91BC942}") = "Sync", "Sync\Sync.vcxproj", "{7CDD365E-B7C3-4B9F-8107-3B94872BF6C9}"
	ProjectSection(ProjectDependencies) = postProject
		{28510A11-2597-4E7F-8AB7-04D8D6617F73} = {28510A11-2597-4E7F-8AB7-04D8D6617F73}
		{9594522F-6B2A-4DCC-B1D4-70A90550C490} = {9594522F-6B2A-4DCC-B1D4-70A90550C490}
		{CDAEF09B-DC58-42C8-81B8-83C3E5D8145E} = {CDAEF09B-DC58-42C8-81B8-83C3E5D8145E}
		{CBB134B8-C9FE-4129-A6DD-58B94CBE1096} = {CBB134B8-C9FE-4129-A6DD-58B94CBE1096}
	EndProjectSection
EndProject
Project("{8BC9CEB8-8B4A-11D0-8D11-00A0C91BC942}") = "Sync_Share", "Sync\Sync_Share.vcxitems", "{F9A7362B-F51A-4941-BC6F-1EC1222C8B18}"
EndProject
Project("{8BC9CEB8-8B4A-11D0-8D11-00A0C91BC942}") = "Graphics", "Graphics\Graphics.vcxproj", "{717C5315-3123-4B0E-8BD4-58E9AE782955}"
	ProjectSection(ProjectDependencies) = postProject
		{9594522F-6B2A-4DCC-B1D4-70A90550C490} = {9594522F-6B2A-4DCC-B1D4-70A90550C490}
		{CBB134B8-C9FE-4129-A6DD-58B94CBE1096} = {CBB134B8-C9FE-4129-A6DD-58B94CBE1096}
	EndProjectSection
EndProject
Project("{8BC9CEB8-8B4A-11D0-8D11-00A0C91BC942}") = "Debug", "Debug\Debug.vcxproj", "{04DD76A5-5B4A-49DD-89A7-7D442955EDE6}"
	ProjectSection(ProjectDependencies) = postProject
		{717C5315-3123-4B0E-8BD4-58E9AE782955} = {717C5315-3123-4B0E-8BD4-58E9AE782955}
		{9594522F-6B2A-4DCC-B1D4-70A90550C490} = {9594522F-6B2A-4DCC-B1D4-70A90550C490}
		{F721E433-F0D2-4F4C-BEA0-1AA2B2824CBD} = {F721E433-F0D2-4F4C-BEA0-1AA2B2824CBD}
		{14BC9A36-0173-4D60-B341-B92B6E3CA892} = {14BC9A36-0173-4D60-B341-B92B6E3CA892}
		{CDAEF09B-DC58-42C8-81B8-83C3E5D8145E} = {CDAEF09B-DC58-42C8-81B8-83C3E5D8145E}
		{5F7EC1B1-79D0-410B-AAA5-67AE29DD3843} = {5F7EC1B1-79D0-410B-AAA5-67AE29DD3843}
		{ED3A1BB2-BBE1-4BAF-8606-DBE012375818} = {ED3A1BB2-BBE1-4BAF-8606-DBE012375818}
		{CBB134B8-C9FE-4129-A6DD-58B94CBE1096} = {CBB134B8-C9FE-4129-A6DD-58B94CBE1096}
		{CE4F0DDF-B21D-4E85-961E-5DE4F41FFEB8} = {CE4F0DDF-B21D-4E85-961E-5DE4F41FFEB8}
	EndProjectSection
EndProject
Global
	GlobalSection(SharedMSBuildProjectFiles) = preSolution
		Net\Net_Share.vcxitems*{1e65a9fa-c973-42fe-aa97-cd08c94e9bb4}*SharedItemsImports = 9
		GPIO\GPIO_Share.vcxitems*{28510a11-2597-4e7f-8ab7-04d8d6617f73}*SharedItemsImports = 4
		Core\CoreShare.vcxitems*{45d41acc-2c3c-43d2-bc10-02aa73ffc7c7}*SharedItemsImports = 9
		Sync\Sync_Share.vcxitems*{7cdd365e-b7c3-4b9f-8107-3b94872bf6c9}*SharedItemsImports = 4
		Core\CoreShare.vcxitems*{cbb134b8-c9fe-4129-a6dd-58b94cbe1096}*SharedItemsImports = 4
		Net\Net_Share.vcxitems*{cdaef09b-dc58-42c8-81b8-83c3e5d8145e}*SharedItemsImports = 4
		GPIO\GPIO_Share.vcxitems*{f3630e63-73ec-4338-a0a1-41346357311c}*SharedItemsImports = 9
		Sync\Sync_Share.vcxitems*{f9a7362b-f51a-4941-bc6f-1ec1222c8b18}*SharedItemsImports = 9
	EndGlobalSection
	GlobalSection(SolutionConfigurationPlatforms) = preSolution
		Debug|x64 = Debug|x64
		Debug|x86 = Debug|x86
		Release|x64 = Release|x64
		Release|x86 = Release|x86
	EndGlobalSection
	GlobalSection(ProjectConfigurationPlatforms) = postSolution
		{F721E433-F0D2-4F4C-BEA0-1AA2B2824CBD}.Debug|x64.ActiveCfg = Debug|x64
		{F721E433-F0D2-4F4C-BEA0-1AA2B2824CBD}.Debug|x64.Build.0 = Debug|x64
		{F721E433-F0D2-4F4C-BEA0-1AA2B2824CBD}.Debug|x86.ActiveCfg = Debug|Win32
		{F721E433-F0D2-4F4C-BEA0-1AA2B2824CBD}.Debug|x86.Build.0 = Debug|Win32
		{F721E433-F0D2-4F4C-BEA0-1AA2B2824CBD}.Release|x64.ActiveCfg = Release|x64
		{F721E433-F0D2-4F4C-BEA0-1AA2B2824CBD}.Release|x64.Build.0 = Release|x64
		{F721E433-F0D2-4F4C-BEA0-1AA2B2824CBD}.Release|x86.ActiveCfg = Release|Win32
		{F721E433-F0D2-4F4C-BEA0-1AA2B2824CBD}.Release|x86.Build.0 = Release|Win32
		{CBB134B8-C9FE-4129-A6DD-58B94CBE1096}.Debug|x64.ActiveCfg = Debug|x64
		{CBB134B8-C9FE-4129-A6DD-58B94CBE1096}.Debug|x64.Build.0 = Debug|x64
		{CBB134B8-C9FE-4129-A6DD-58B94CBE1096}.Debug|x86.ActiveCfg = Debug|Win32
		{CBB134B8-C9FE-4129-A6DD-58B94CBE1096}.Debug|x86.Build.0 = Debug|Win32
		{CBB134B8-C9FE-4129-A6DD-58B94CBE1096}.Release|x64.ActiveCfg = Release|x64
		{CBB134B8-C9FE-4129-A6DD-58B94CBE1096}.Release|x64.Build.0 = Release|x64
		{CBB134B8-C9FE-4129-A6DD-58B94CBE1096}.Release|x86.ActiveCfg = Release|Win32
		{CBB134B8-C9FE-4129-A6DD-58B94CBE1096}.Release|x86.Build.0 = Release|Win32
		{1C54A116-BAEE-43B1-85A0-52A1D524044A}.Debug|x64.ActiveCfg = Debug|x64
		{1C54A116-BAEE-43B1-85A0-52A1D524044A}.Debug|x64.Build.0 = Debug|x64
		{1C54A116-BAEE-43B1-85A0-52A1D524044A}.Debug|x86.ActiveCfg = Debug|Win32
		{1C54A116-BAEE-43B1-85A0-52A1D524044A}.Debug|x86.Build.0 = Debug|Win32
		{1C54A116-BAEE-43B1-85A0-52A1D524044A}.Release|x64.ActiveCfg = Release|x64
		{1C54A116-BAEE-43B1-85A0-52A1D524044A}.Release|x64.Build.0 = Release|x64
		{1C54A116-BAEE-43B1-85A0-52A1D524044A}.Release|x86.ActiveCfg = Release|Win32
		{1C54A116-BAEE-43B1-85A0-52A1D524044A}.Release|x86.Build.0 = Release|Win32
		{28510A11-2597-4E7F-8AB7-04D8D6617F73}.Debug|x64.ActiveCfg = Debug|x64
		{28510A11-2597-4E7F-8AB7-04D8D6617F73}.Debug|x64.Build.0 = Debug|x64
		{28510A11-2597-4E7F-8AB7-04D8D6617F73}.Debug|x86.ActiveCfg = Debug|Win32
		{28510A11-2597-4E7F-8AB7-04D8D6617F73}.Debug|x86.Build.0 = Debug|Win32
		{28510A11-2597-4E7F-8AB7-04D8D6617F73}.Release|x64.ActiveCfg = Release|x64
		{28510A11-2597-4E7F-8AB7-04D8D6617F73}.Release|x64.Build.0 = Release|x64
		{28510A11-2597-4E7F-8AB7-04D8D6617F73}.Release|x86.ActiveCfg = Release|Win32
		{28510A11-2597-4E7F-8AB7-04D8D6617F73}.Release|x86.Build.0 = Release|Win32
		{5F7EC1B1-79D0-410B-AAA5-67AE29DD3843}.Debug|x64.ActiveCfg = Debug|x64
		{5F7EC1B1-79D0-410B-AAA5-67AE29DD3843}.Debug|x64.Build.0 = Debug|x64
		{5F7EC1B1-79D0-410B-AAA5-67AE29DD3843}.Debug|x86.ActiveCfg = Debug|Win32
		{5F7EC1B1-79D0-410B-AAA5-67AE29DD3843}.Debug|x86.Build.0 = Debug|Win32
		{5F7EC1B1-79D0-410B-AAA5-67AE29DD3843}.Release|x64.ActiveCfg = Release|x64
		{5F7EC1B1-79D0-410B-AAA5-67AE29DD3843}.Release|x64.Build.0 = Release|x64
		{5F7EC1B1-79D0-410B-AAA5-67AE29DD3843}.Release|x86.ActiveCfg = Release|Win32
		{5F7EC1B1-79D0-410B-AAA5-67AE29DD3843}.Release|x86.Build.0 = Release|Win32
		{F45D27EA-F162-4D11-90DE-E58E3C5BC549}.Debug|x64.ActiveCfg = Debug|x64
		{F45D27EA-F162-4D11-90DE-E58E3C5BC549}.Debug|x64.Build.0 = Debug|x64
		{F45D27EA-F162-4D11-90DE-E58E3C5BC549}.Debug|x86.ActiveCfg = Debug|Win32
		{F45D27EA-F162-4D11-90DE-E58E3C5BC549}.Debug|x86.Build.0 = Debug|Win32
		{F45D27EA-F162-4D11-90DE-E58E3C5BC549}.Release|x64.ActiveCfg = Release|x64
		{F45D27EA-F162-4D11-90DE-E58E3C5BC549}.Release|x64.Build.0 = Release|x64
		{F45D27EA-F162-4D11-90DE-E58E3C5BC549}.Release|x86.ActiveCfg = Release|Win32
		{F45D27EA-F162-4D11-90DE-E58E3C5BC549}.Release|x86.Build.0 = Release|Win32
		{7EABEF69-D78B-4F3D-A1D5-F6B618398C1C}.Debug|x64.ActiveCfg = Debug|x64
		{7EABEF69-D78B-4F3D-A1D5-F6B618398C1C}.Debug|x64.Build.0 = Debug|x64
		{7EABEF69-D78B-4F3D-A1D5-F6B618398C1C}.Debug|x86.ActiveCfg = Debug|Win32
		{7EABEF69-D78B-4F3D-A1D5-F6B618398C1C}.Debug|x86.Build.0 = Debug|Win32
		{7EABEF69-D78B-4F3D-A1D5-F6B618398C1C}.Release|x64.ActiveCfg = Release|x64
		{7EABEF69-D78B-4F3D-A1D5-F6B618398C1C}.Release|x64.Build.0 = Release|x64
		{7EABEF69-D78B-4F3D-A1D5-F6B618398C1C}.Release|x86.ActiveCfg = Release|Win32
		{7EABEF69-D78B-4F3D-A1D5-F6B618398C1C}.Release|x86.Build.0 = Release|Win32
		{CE4F0DDF-B21D-4E85-961E-5DE4F41FFEB8}.Debug|x64.ActiveCfg = Debug|x64
		{CE4F0DDF-B21D-4E85-961E-5DE4F41FFEB8}.Debug|x64.Build.0 = Debug|x64
		{CE4F0DDF-B21D-4E85-961E-5DE4F41FFEB8}.Debug|x86.ActiveCfg = Debug|Win32
		{CE4F0DDF-B21D-4E85-961E-5DE4F41FFEB8}.Debug|x86.Build.0 = Debug|Win32
		{CE4F0DDF-B21D-4E85-961E-5DE4F41FFEB8}.Release|x64.ActiveCfg = Release|x64
		{CE4F0DDF-B21D-4E85-961E-5DE4F41FFEB8}.Release|x64.Build.0 = Release|x64
		{CE4F0DDF-B21D-4E85-961E-5DE4F41FFEB8}.Release|x86.ActiveCfg = Release|Win32
		{CE4F0DDF-B21D-4E85-961E-5DE4F41FFEB8}.Release|x86.Build.0 = Release|Win32
		{9594522F-6B2A-4DCC-B1D4-70A90550C490}.Debug|x64.ActiveCfg = Debug|x64
		{9594522F-6B2A-4DCC-B1D4-70A90550C490}.Debug|x64.Build.0 = Debug|x64
		{9594522F-6B2A-4DCC-B1D4-70A90550C490}.Debug|x86.ActiveCfg = Debug|Win32
		{9594522F-6B2A-4DCC-B1D4-70A90550C490}.Debug|x86.Build.0 = Debug|Win32
		{9594522F-6B2A-4DCC-B1D4-70A90550C490}.Release|x64.ActiveCfg = Release|x64
		{9594522F-6B2A-4DCC-B1D4-70A90550C490}.Release|x64.Build.0 = Release|x64
		{9594522F-6B2A-4DCC-B1D4-70A90550C490}.Release|x86.ActiveCfg = Release|Win32
		{9594522F-6B2A-4DCC-B1D4-70A90550C490}.Release|x86.Build.0 = Release|Win32
		{CDAEF09B-DC58-42C8-81B8-83C3E5D8145E}.Debug|x64.ActiveCfg = Debug|x64
		{CDAEF09B-DC58-42C8-81B8-83C3E5D8145E}.Debug|x64.Build.0 = Debug|x64
		{CDAEF09B-DC58-42C8-81B8-83C3E5D8145E}.Debug|x86.ActiveCfg = Debug|Win32
		{CDAEF09B-DC58-42C8-81B8-83C3E5D8145E}.Debug|x86.Build.0 = Debug|Win32
		{CDAEF09B-DC58-42C8-81B8-83C3E5D8145E}.Release|x64.ActiveCfg = Release|x64
		{CDAEF09B-DC58-42C8-81B8-83C3E5D8145E}.Release|x64.Build.0 = Release|x64
		{CDAEF09B-DC58-42C8-81B8-83C3E5D8145E}.Release|x86.ActiveCfg = Release|Win32
		{CDAEF09B-DC58-42C8-81B8-83C3E5D8145E}.Release|x86.Build.0 = Release|Win32
		{ED3A1BB2-BBE1-4BAF-8606-DBE012375818}.Debug|x64.ActiveCfg = Debug|x64
		{ED3A1BB2-BBE1-4BAF-8606-DBE012375818}.Debug|x64.Build.0 = Debug|x64
		{ED3A1BB2-BBE1-4BAF-8606-DBE012375818}.Debug|x86.ActiveCfg = Debug|Win32
		{ED3A1BB2-BBE1-4BAF-8606-DBE012375818}.Debug|x86.Build.0 = Debug|Win32
		{ED3A1BB2-BBE1-4BAF-8606-DBE012375818}.Release|x64.ActiveCfg = Release|x64
		{ED3A1BB2-BBE1-4BAF-8606-DBE012375818}.Release|x64.Build.0 = Release|x64
		{ED3A1BB2-BBE1-4BAF-8606-DBE012375818}.Release|x86.ActiveCfg = Release|Win32
		{ED3A1BB2-BBE1-4BAF-8606-DBE012375818}.Release|x86.Build.0 = Release|Win32
		{14BC9A36-0173-4D60-B341-B92B6E3CA892}.Debug|x64.ActiveCfg = Debug|x64
		{14BC9A36-0173-4D60-B341-B92B6E3CA892}.Debug|x64.Build.0 = Debug|x64
		{14BC9A36-0173-4D60-B341-B92B6E3CA892}.Debug|x86.ActiveCfg = Debug|Win32
		{14BC9A36-0173-4D60-B341-B92B6E3CA892}.Debug|x86.Build.0 = Debug|Win32
		{14BC9A36-0173-4D60-B341-B92B6E3CA892}.Release|x64.ActiveCfg = Release|x64
		{14BC9A36-0173-4D60-B341-B92B6E3CA892}.Release|x64.Build.0 = Release|x64
		{14BC9A36-0173-4D60-B341-B92B6E3CA892}.Release|x86.ActiveCfg = Release|Win32
		{14BC9A36-0173-4D60-B341-B92B6E3CA892}.Release|x86.Build.0 = Release|Win32
		{7CDD365E-B7C3-4B9F-8107-3B94872BF6C9}.Debug|x64.ActiveCfg = Debug|x64
		{7CDD365E-B7C3-4B9F-8107-3B94872BF6C9}.Debug|x64.Build.0 = Debug|x64
		{7CDD365E-B7C3-4B9F-8107-3B94872BF6C9}.Debug|x86.ActiveCfg = Debug|Win32
		{7CDD365E-B7C3-4B9F-8107-3B94872BF6C9}.Debug|x86.Build.0 = Debug|Win32
		{7CDD365E-B7C3-4B9F-8107-3B94872BF6C9}.Release|x64.ActiveCfg = Release|x64
		{7CDD365E-B7C3-4B9F-8107-3B94872BF6C9}.Release|x64.Build.0 = Release|x64
		{7CDD365E-B7C3-4B9F-8107-3B94872BF6C9}.Release|x86.ActiveCfg = Release|Win32
		{7CDD365E-B7C3-4B9F-8107-3B94872BF6C9}.Release|x86.Build.0 = Release|Win32
		{717C5315-3123-4B0E-8BD4-58E9AE782955}.Debug|x64.ActiveCfg = Debug|x64
		{717C5315-3123-4B0E-8BD4-58E9AE782955}.Debug|x64.Build.0 = Debug|x64
		{717C5315-3123-4B0E-8BD4-58E9AE782955}.Debug|x86.ActiveCfg = Debug|Win32
		{717C5315-3123-4B0E-8BD4-58E9AE782955}.Debug|x86.Build.0 = Debug|Win32
		{717C5315-3123-4B0E-8BD4-58E9AE782955}.Release|x64.ActiveCfg = Release|x64
		{717C5315-3123-4B0E-8BD4-58E9AE782955}.Release|x64.Build.0 = Release|x64
		{717C5315-3123-4B0E-8BD4-58E9AE782955}.Release|x86.ActiveCfg = Release|Win32
		{717C5315-3123-4B0E-8BD4-58E9AE782955}.Release|x86.Build.0 = Release|Win32
		{04DD76A5-5B4A-49DD-89A7-7D442955EDE6}.Debug|x64.ActiveCfg = Debug|x64
		{04DD76A5-5B4A-49DD-89A7-7D442955EDE6}.Debug|x64.Build.0 = Debug|x64
		{04DD76A5-5B4A-49DD-89A7-7D442955EDE6}.Debug|x86.ActiveCfg = Debug|Win32
		{04DD76A5-5B4A-49DD-89A7-7D442955EDE6}.Debug|x86.Build.0 = Debug|Win32
		{04DD76A5-5B4A-49DD-89A7-7D442955EDE6}.Release|x64.ActiveCfg = Release|x64
		{04DD76A5-5B4A-49DD-89A7-7D442955EDE6}.Release|x64.Build.0 = Release|x64
		{04DD76A5-5B4A-49DD-89A7-7D442955EDE6}.Release|x86.ActiveCfg = Release|Win32
		{04DD76A5-5B4A-49DD-89A7-7D442955EDE6}.Release|x86.Build.0 = Release|Win32
	EndGlobalSection
	GlobalSection(SolutionProperties) = preSolution
		HideSolutionNode = FALSE
	EndGlobalSection
	GlobalSection(ExtensibilityGlobals) = postSolution
		SolutionGuid = {C60B4BC2-D355-4B57-A147-032191AD7A9C}
	EndGlobalSection
EndGlobal
