<?xml version="1.0" encoding="utf-8"?>
<Project ToolsVersion="4.0" xmlns="http://schemas.microsoft.com/developer/msbuild/2003">
  <ItemGroup>
    <ClInclude Include="DebugLib.h" />
    <ClInclude Include="PrecompiledInclude.h" />
    <ClInclude Include="stdafx.h" />
    <ClInclude Include="ScopeProfilerVisualizer.h" />
    <ClInclude Include="FPSHistoryVisualizer.h" />
    <ClInclude Include="ConnectionManager2Visualizer.h" />
    <ClInclude Include="ScopedDuration.h" />
    <ClInclude Include="ImmediateModeGraphics.h" />
    <ClInclude Include="ImGfx.h" />
  </ItemGroup>
  <ItemGroup>
    <ClCompile Include="DebugLib.cpp" />
    <ClCompile Include="stdafx.cpp" />
    <ClCompile Include="ScopeProfilerVisualizer.cpp" />
    <ClCompile Include="FPSHistoryVisualizer.cpp" />
    <ClCompile Include="ConnectionManager2Visualizer.cpp" />
    <ClCompile Include="ScopedDuration.cpp" />
    <ClCompile Include="ImmediateModeGraphics.cpp" />
    <ClCompile Include="ImGfx.cpp" />
  </ItemGroup>
</Project>